
Microsoft Visual Studio Solution File, Format Version 12.00
# Visual Studio Version 17
VisualStudioVersion = 17.6.33815.320
MinimumVisualStudioVersion = 10.0.40219.1
Project("{FAE04EC0-301F-11D3-BF4B-00C04F79EFBC}") = "MoodAnalyserProblem", "MoodAnalyserProblem\MoodAnalyserProblem.csproj", "{0CFF78CB-5EA0-4434-B463-D5926D1BF155}"
EndProject
Project("{FAE04EC0-301F-11D3-BF4B-00C04F79EFBC}") = "MoodAnalyserTestFile", "MoodAnalyserTestFile\MoodAnalyserTestFile.csproj", "{265A9E97-B997-4477-B5E6-52DE276411F2}"
EndProject
Global
	GlobalSection(SolutionConfigurationPlatforms) = preSolution
		Debug|Any CPU = Debug|Any CPU
		Release|Any CPU = Release|Any CPU
	EndGlobalSection
	GlobalSection(ProjectConfigurationPlatforms) = postSolution
		{0CFF78CB-5EA0-4434-B463-D5926D1BF155}.Debug|Any CPU.ActiveCfg = Debug|Any CPU
		{0CFF78CB-5EA0-4434-B463-D5926D1BF155}.Debug|Any CPU.Build.0 = Debug|Any CPU
		{0CFF78CB-5EA0-4434-B463-D5926D1BF155}.Release|Any CPU.ActiveCfg = Release|Any CPU
		{0CFF78CB-5EA0-4434-B463-D5926D1BF155}.Release|Any CPU.Build.0 = Release|Any CPU
		{265A9E97-B997-4477-B5E6-52DE276411F2}.Debug|Any CPU.ActiveCfg = Debug|Any CPU
		{265A9E97-B997-4477-B5E6-52DE276411F2}.Debug|Any CPU.Build.0 = Debug|Any CPU
		{265A9E97-B997-4477-B5E6-52DE276411F2}.Release|Any CPU.ActiveCfg = Release|Any CPU
		{265A9E97-B997-4477-B5E6-52DE276411F2}.Release|Any CPU.Build.0 = Release|Any CPU
	EndGlobalSection
	GlobalSection(SolutionProperties) = preSolution
		HideSolutionNode = FALSE
	EndGlobalSection
	GlobalSection(ExtensibilityGlobals) = postSolution
		SolutionGuid = {552074D8-F73C-477B-B6C5-755D2FCE1925}
	EndGlobalSection
EndGlobal
